// !$*UTF8*$!
{
	archiveVersion = 1;
	classes = {
	};
	objectVersion = 46;
	objects = {

/* Begin PBXBuildFile section */
		DCBE95F16857D8A424791CA3 /* Pods_taskapp.framework in Frameworks */ = {isa = PBXBuildFile; fileRef = B5EF4BE34479DBCFEACD8F7E /* Pods_taskapp.framework */; };
		E15B9A761F86112000005533 /* AppDelegate.swift in Sources */ = {isa = PBXBuildFile; fileRef = E15B9A751F86112000005533 /* AppDelegate.swift */; };
		E15B9A781F86112000005533 /* ViewController.swift in Sources */ = {isa = PBXBuildFile; fileRef = E15B9A771F86112000005533 /* ViewController.swift */; };
		E15B9A7B1F86112000005533 /* Main.storyboard in Resources */ = {isa = PBXBuildFile; fileRef = E15B9A791F86112000005533 /* Main.storyboard */; };
		E15B9A7D1F86112000005533 /* Assets.xcassets in Resources */ = {isa = PBXBuildFile; fileRef = E15B9A7C1F86112000005533 /* Assets.xcassets */; };
		E15B9A801F86112000005533 /* LaunchScreen.storyboard in Resources */ = {isa = PBXBuildFile; fileRef = E15B9A7E1F86112000005533 /* LaunchScreen.storyboard */; };
		E15B9A8B1F86112000005533 /* taskappTests.swift in Sources */ = {isa = PBXBuildFile; fileRef = E15B9A8A1F86112000005533 /* taskappTests.swift */; };
		E15B9A961F86112000005533 /* taskappUITests.swift in Sources */ = {isa = PBXBuildFile; fileRef = E15B9A951F86112000005533 /* taskappUITests.swift */; };
		E15B9AA41F8627AF00005533 /* InputViewController.swift in Sources */ = {isa = PBXBuildFile; fileRef = E15B9AA31F8627AF00005533 /* InputViewController.swift */; };
		E1E1F11B1F8B5E6F00E94DAA /* Category.swift in Sources */ = {isa = PBXBuildFile; fileRef = E1E1F11A1F8B5E6F00E94DAA /* Category.swift */; };
		E1E1F11D1F8B5FE700E94DAA /* CategoryViewController.swift in Sources */ = {isa = PBXBuildFile; fileRef = E1E1F11C1F8B5FE700E94DAA /* CategoryViewController.swift */; };
		E1ED00831F87694600C915E9 /* Task.swift in Sources */ = {isa = PBXBuildFile; fileRef = E1ED00821F87694600C915E9 /* Task.swift */; };
/* End PBXBuildFile section */

/* Begin PBXContainerItemProxy section */
		E15B9A871F86112000005533 /* PBXContainerItemProxy */ = {
			isa = PBXContainerItemProxy;
			containerPortal = E15B9A6A1F86111F00005533 /* Project object */;
			proxyType = 1;
			remoteGlobalIDString = E15B9A711F86111F00005533;
			remoteInfo = taskapp;
		};
		E15B9A921F86112000005533 /* PBXContainerItemProxy */ = {
			isa = PBXContainerItemProxy;
			containerPortal = E15B9A6A1F86111F00005533 /* Project object */;
			proxyType = 1;
			remoteGlobalIDString = E15B9A711F86111F00005533;
			remoteInfo = taskapp;
		};
/* End PBXContainerItemProxy section */

/* Begin PBXFileReference section */
		46B8AB3F0ED53B88A0502184 /* Pods-taskapp.release.xcconfig */ = {isa = PBXFileReference; includeInIndex = 1; lastKnownFileType = text.xcconfig; name = "Pods-taskapp.release.xcconfig"; path = "Pods/Target Support Files/Pods-taskapp/Pods-taskapp.release.xcconfig"; sourceTree = "<group>"; };
		B5EF4BE34479DBCFEACD8F7E /* Pods_taskapp.framework */ = {isa = PBXFileReference; explicitFileType = wrapper.framework; includeInIndex = 0; path = Pods_taskapp.framework; sourceTree = BUILT_PRODUCTS_DIR; };
		E15B9A721F86111F00005533 /* taskapp.app */ = {isa = PBXFileReference; explicitFileType = wrapper.application; includeInIndex = 0; path = taskapp.app; sourceTree = BUILT_PRODUCTS_DIR; };
		E15B9A751F86112000005533 /* AppDelegate.swift */ = {isa = PBXFileReference; lastKnownFileType = sourcecode.swift; path = AppDelegate.swift; sourceTree = "<group>"; };
		E15B9A771F86112000005533 /* ViewController.swift */ = {isa = PBXFileReference; lastKnownFileType = sourcecode.swift; path = ViewController.swift; sourceTree = "<group>"; };
		E15B9A7A1F86112000005533 /* Base */ = {isa = PBXFileReference; lastKnownFileType = file.storyboard; name = Base; path = Base.lproj/Main.storyboard; sourceTree = "<group>"; };
		E15B9A7C1F86112000005533 /* Assets.xcassets */ = {isa = PBXFileReference; lastKnownFileType = folder.assetcatalog; path = Assets.xcassets; sourceTree = "<group>"; };
		E15B9A7F1F86112000005533 /* Base */ = {isa = PBXFileReference; lastKnownFileType = file.storyboard; name = Base; path = Base.lproj/LaunchScreen.storyboard; sourceTree = "<group>"; };
		E15B9A811F86112000005533 /* Info.plist */ = {isa = PBXFileReference; lastKnownFileType = text.plist.xml; path = Info.plist; sourceTree = "<group>"; };
		E15B9A861F86112000005533 /* taskappTests.xctest */ = {isa = PBXFileReference; explicitFileType = wrapper.cfbundle; includeInIndex = 0; path = taskappTests.xctest; sourceTree = BUILT_PRODUCTS_DIR; };
		E15B9A8A1F86112000005533 /* taskappTests.swift */ = {isa = PBXFileReference; lastKnownFileType = sourcecode.swift; path = taskappTests.swift; sourceTree = "<group>"; };
		E15B9A8C1F86112000005533 /* Info.plist */ = {isa = PBXFileReference; lastKnownFileType = text.plist.xml; path = Info.plist; sourceTree = "<group>"; };
		E15B9A911F86112000005533 /* taskappUITests.xctest */ = {isa = PBXFileReference; explicitFileType = wrapper.cfbundle; includeInIndex = 0; path = taskappUITests.xctest; sourceTree = BUILT_PRODUCTS_DIR; };
		E15B9A951F86112000005533 /* taskappUITests.swift */ = {isa = PBXFileReference; lastKnownFileType = sourcecode.swift; path = taskappUITests.swift; sourceTree = "<group>"; };
		E15B9A971F86112000005533 /* Info.plist */ = {isa = PBXFileReference; lastKnownFileType = text.plist.xml; path = Info.plist; sourceTree = "<group>"; };
		E15B9AA31F8627AF00005533 /* InputViewController.swift */ = {isa = PBXFileReference; fileEncoding = 4; lastKnownFileType = sourcecode.swift; path = InputViewController.swift; sourceTree = "<group>"; };
		E1E1F11A1F8B5E6F00E94DAA /* Category.swift */ = {isa = PBXFileReference; fileEncoding = 4; lastKnownFileType = sourcecode.swift; path = Category.swift; sourceTree = "<group>"; };
		E1E1F11C1F8B5FE700E94DAA /* CategoryViewController.swift */ = {isa = PBXFileReference; fileEncoding = 4; lastKnownFileType = sourcecode.swift; path = CategoryViewController.swift; sourceTree = "<group>"; };
		E1ED00821F87694600C915E9 /* Task.swift */ = {isa = PBXFileReference; fileEncoding = 4; lastKnownFileType = sourcecode.swift; path = Task.swift; sourceTree = "<group>"; };
		F4C83D9E857F548E8F8D3834 /* Pods-taskapp.debug.xcconfig */ = {isa = PBXFileReference; includeInIndex = 1; lastKnownFileType = text.xcconfig; name = "Pods-taskapp.debug.xcconfig"; path = "Pods/Target Support Files/Pods-taskapp/Pods-taskapp.debug.xcconfig"; sourceTree = "<group>"; };
/* End PBXFileReference section */

/* Begin PBXFrameworksBuildPhase section */
		E15B9A6F1F86111F00005533 /* Frameworks */ = {
			isa = PBXFrameworksBuildPhase;
			buildActionMask = 2147483647;
			files = (
				DCBE95F16857D8A424791CA3 /* Pods_taskapp.framework in Frameworks */,
			);
			runOnlyForDeploymentPostprocessing = 0;
		};
		E15B9A831F86112000005533 /* Frameworks */ = {
			isa = PBXFrameworksBuildPhase;
			buildActionMask = 2147483647;
			files = (
			);
			runOnlyForDeploymentPostprocessing = 0;
		};
		E15B9A8E1F86112000005533 /* Frameworks */ = {
			isa = PBXFrameworksBuildPhase;
			buildActionMask = 2147483647;
			files = (
			);
			runOnlyForDeploymentPostprocessing = 0;
		};
/* End PBXFrameworksBuildPhase section */

/* Begin PBXGroup section */
		4D8328BA4787152C8CF025C2 /* Pods */ = {
			isa = PBXGroup;
			children = (
				F4C83D9E857F548E8F8D3834 /* Pods-taskapp.debug.xcconfig */,
				46B8AB3F0ED53B88A0502184 /* Pods-taskapp.release.xcconfig */,
			);
			name = Pods;
			sourceTree = "<group>";
		};
		E15B9A691F86111F00005533 = {
			isa = PBXGroup;
			children = (
				E15B9A741F86111F00005533 /* taskapp */,
				E15B9A891F86112000005533 /* taskappTests */,
				E15B9A941F86112000005533 /* taskappUITests */,
				E15B9A731F86111F00005533 /* Products */,
				4D8328BA4787152C8CF025C2 /* Pods */,
				FF30378C107DADF4105CC94D /* Frameworks */,
			);
			sourceTree = "<group>";
		};
		E15B9A731F86111F00005533 /* Products */ = {
			isa = PBXGroup;
			children = (
				E15B9A721F86111F00005533 /* taskapp.app */,
				E15B9A861F86112000005533 /* taskappTests.xctest */,
				E15B9A911F86112000005533 /* taskappUITests.xctest */,
			);
			name = Products;
			sourceTree = "<group>";
		};
		E15B9A741F86111F00005533 /* taskapp */ = {
			isa = PBXGroup;
			children = (
				E15B9A751F86112000005533 /* AppDelegate.swift */,
				E15B9A771F86112000005533 /* ViewController.swift */,
				E15B9A791F86112000005533 /* Main.storyboard */,
				E15B9AA31F8627AF00005533 /* InputViewController.swift */,
				E15B9A7C1F86112000005533 /* Assets.xcassets */,
				E15B9A7E1F86112000005533 /* LaunchScreen.storyboard */,
				E15B9A811F86112000005533 /* Info.plist */,
				E1ED00821F87694600C915E9 /* Task.swift */,
				E1E1F11A1F8B5E6F00E94DAA /* Category.swift */,
				E1E1F11C1F8B5FE700E94DAA /* CategoryViewController.swift */,
			);
			path = taskapp;
			sourceTree = "<group>";
		};
		E15B9A891F86112000005533 /* taskappTests */ = {
			isa = PBXGroup;
			children = (
				E15B9A8A1F86112000005533 /* taskappTests.swift */,
				E15B9A8C1F86112000005533 /* Info.plist */,
			);
			path = taskappTests;
			sourceTree = "<group>";
		};
		E15B9A941F86112000005533 /* taskappUITests */ = {
			isa = PBXGroup;
			children = (
				E15B9A951F86112000005533 /* taskappUITests.swift */,
				E15B9A971F86112000005533 /* Info.plist */,
			);
			path = taskappUITests;
			sourceTree = "<group>";
		};
		FF30378C107DADF4105CC94D /* Frameworks */ = {
			isa = PBXGroup;
			children = (
				B5EF4BE34479DBCFEACD8F7E /* Pods_taskapp.framework */,
			);
			name = Frameworks;
			sourceTree = "<group>";
		};
/* End PBXGroup section */

/* Begin PBXNativeTarget section */
		E15B9A711F86111F00005533 /* taskapp */ = {
			isa = PBXNativeTarget;
			buildConfigurationList = E15B9A9A1F86112000005533 /* Build configuration list for PBXNativeTarget "taskapp" */;
			buildPhases = (
				14BED9781827D8A29B016326 /* [CP] Check Pods Manifest.lock */,
				E15B9A6E1F86111F00005533 /* Sources */,
				E15B9A6F1F86111F00005533 /* Frameworks */,
				E15B9A701F86111F00005533 /* Resources */,
				DCA35A20C4B1072D318A670B /* [CP] Embed Pods Frameworks */,
				A288B3E79C385EA4EC18ABD9 /* [CP] Copy Pods Resources */,
			);
			buildRules = (
			);
			dependencies = (
			);
			name = taskapp;
			productName = taskapp;
			productReference = E15B9A721F86111F00005533 /* taskapp.app */;
			productType = "com.apple.product-type.application";
		};
		E15B9A851F86112000005533 /* taskappTests */ = {
			isa = PBXNativeTarget;
			buildConfigurationList = E15B9A9D1F86112000005533 /* Build configuration list for PBXNativeTarget "taskappTests" */;
			buildPhases = (
				E15B9A821F86112000005533 /* Sources */,
				E15B9A831F86112000005533 /* Frameworks */,
				E15B9A841F86112000005533 /* Resources */,
			);
			buildRules = (
			);
			dependencies = (
				E15B9A881F86112000005533 /* PBXTargetDependency */,
			);
			name = taskappTests;
			productName = taskappTests;
			productReference = E15B9A861F86112000005533 /* taskappTests.xctest */;
			productType = "com.apple.product-type.bundle.unit-test";
		};
		E15B9A901F86112000005533 /* taskappUITests */ = {
			isa = PBXNativeTarget;
			buildConfigurationList = E15B9AA01F86112000005533 /* Build configuration list for PBXNativeTarget "taskappUITests" */;
			buildPhases = (
				E15B9A8D1F86112000005533 /* Sources */,
				E15B9A8E1F86112000005533 /* Frameworks */,
				E15B9A8F1F86112000005533 /* Resources */,
			);
			buildRules = (
			);
			dependencies = (
				E15B9A931F86112000005533 /* PBXTargetDependency */,
			);
			name = taskappUITests;
			productName = taskappUITests;
			productReference = E15B9A911F86112000005533 /* taskappUITests.xctest */;
			productType = "com.apple.product-type.bundle.ui-testing";
		};
/* End PBXNativeTarget section */

/* Begin PBXProject section */
		E15B9A6A1F86111F00005533 /* Project object */ = {
			isa = PBXProject;
			attributes = {
				LastSwiftUpdateCheck = 0830;
				LastUpgradeCheck = 0830;
				ORGANIZATIONNAME = "濱田 一";
				TargetAttributes = {
					E15B9A711F86111F00005533 = {
						CreatedOnToolsVersion = 8.3.3;
						DevelopmentTeam = MR965626L4;
						ProvisioningStyle = Automatic;
					};
					E15B9A851F86112000005533 = {
						CreatedOnToolsVersion = 8.3.3;
						DevelopmentTeam = MR965626L4;
						ProvisioningStyle = Automatic;
						TestTargetID = E15B9A711F86111F00005533;
					};
					E15B9A901F86112000005533 = {
						CreatedOnToolsVersion = 8.3.3;
						DevelopmentTeam = MR965626L4;
						ProvisioningStyle = Automatic;
						TestTargetID = E15B9A711F86111F00005533;
					};
				};
			};
			buildConfigurationList = E15B9A6D1F86111F00005533 /* Build configuration list for PBXProject "taskapp" */;
			compatibilityVersion = "Xcode 3.2";
			developmentRegion = English;
			hasScannedForEncodings = 0;
			knownRegions = (
				en,
				Base,
			);
			mainGroup = E15B9A691F86111F00005533;
			productRefGroup = E15B9A731F86111F00005533 /* Products */;
			projectDirPath = "";
			projectRoot = "";
			targets = (
				E15B9A711F86111F00005533 /* taskapp */,
				E15B9A851F86112000005533 /* taskappTests */,
				E15B9A901F86112000005533 /* taskappUITests */,
			);
		};
/* End PBXProject section */

/* Begin PBXResourcesBuildPhase section */
		E15B9A701F86111F00005533 /* Resources */ = {
			isa = PBXResourcesBuildPhase;
			buildActionMask = 2147483647;
			files = (
				E15B9A801F86112000005533 /* LaunchScreen.storyboard in Resources */,
				E15B9A7D1F86112000005533 /* Assets.xcassets in Resources */,
				E15B9A7B1F86112000005533 /* Main.storyboard in Resources */,
			);
			runOnlyForDeploymentPostprocessing = 0;
		};
		E15B9A841F86112000005533 /* Resources */ = {
			isa = PBXResourcesBuildPhase;
			buildActionMask = 2147483647;
			files = (
			);
			runOnlyForDeploymentPostprocessing = 0;
		};
		E15B9A8F1F86112000005533 /* Resources */ = {
			isa = PBXResourcesBuildPhase;
			buildActionMask = 2147483647;
			files = (
			);
			runOnlyForDeploymentPostprocessing = 0;
		};
/* End PBXResourcesBuildPhase section */

/* Begin PBXShellScriptBuildPhase section */
		14BED9781827D8A29B016326 /* [CP] Check Pods Manifest.lock */ = {
			isa = PBXShellScriptBuildPhase;
			buildActionMask = 2147483647;
			files = (
			);
			inputPaths = (
			);
			name = "[CP] Check Pods Manifest.lock";
			outputPaths = (
			);
			runOnlyForDeploymentPostprocessing = 0;
			shellPath = /bin/sh;
			shellScript = "diff \"${PODS_ROOT}/../Podfile.lock\" \"${PODS_ROOT}/Manifest.lock\" > /dev/null\nif [ $? != 0 ] ; then\n    # print error to STDERR\n    echo \"error: The sandbox is not in sync with the Podfile.lock. Run 'pod install' or update your CocoaPods installation.\" >&2\n    exit 1\nfi\n";
			showEnvVarsInLog = 0;
		};
		A288B3E79C385EA4EC18ABD9 /* [CP] Copy Pods Resources */ = {
			isa = PBXShellScriptBuildPhase;
			buildActionMask = 2147483647;
			files = (
			);
			inputPaths = (
			);
			name = "[CP] Copy Pods Resources";
			outputPaths = (
			);
			runOnlyForDeploymentPostprocessing = 0;
			shellPath = /bin/sh;
			shellScript = "\"${SRCROOT}/Pods/Target Support Files/Pods-taskapp/Pods-taskapp-resources.sh\"\n";
			showEnvVarsInLog = 0;
		};
		DCA35A20C4B1072D318A670B /* [CP] Embed Pods Frameworks */ = {
			isa = PBXShellScriptBuildPhase;
			buildActionMask = 2147483647;
			files = (
			);
			inputPaths = (
			);
			name = "[CP] Embed Pods Frameworks";
			outputPaths = (
			);
			runOnlyForDeploymentPostprocessing = 0;
			shellPath = /bin/sh;
			shellScript = "\"${SRCROOT}/Pods/Target Support Files/Pods-taskapp/Pods-taskapp-frameworks.sh\"\n";
			showEnvVarsInLog = 0;
		};
/* End PBXShellScriptBuildPhase section */

/* Begin PBXSourcesBuildPhase section */
		E15B9A6E1F86111F00005533 /* Sources */ = {
			isa = PBXSourcesBuildPhase;
			buildActionMask = 2147483647;
			files = (
				E1ED00831F87694600C915E9 /* Task.swift in Sources */,
				E1E1F11B1F8B5E6F00E94DAA /* Category.swift in Sources */,
				E15B9AA41F8627AF00005533 /* InputViewController.swift in Sources */,
				E15B9A781F86112000005533 /* ViewController.swift in Sources */,
				E1E1F11D1F8B5FE700E94DAA /* CategoryViewController.swift in Sources */,
				E15B9A761F86112000005533 /* AppDelegate.swift in Sources */,
			);
			runOnlyForDeploymentPostprocessing = 0;
		};
		E15B9A821F86112000005533 /* Sources */ = {
			isa = PBXSourcesBuildPhase;
			buildActionMask = 2147483647;
			files = (
				E15B9A8B1F86112000005533 /* taskappTests.swift in Sources */,
			);
			runOnlyForDeploymentPostprocessing = 0;
		};
		E15B9A8D1F86112000005533 /* Sources */ = {
			isa = PBXSourcesBuildPhase;
			buildActionMask = 2147483647;
			files = (
				E15B9A961F86112000005533 /* taskappUITests.swift in Sources */,
			);
			runOnlyForDeploymentPostprocessing = 0;
		};
/* End PBXSourcesBuildPhase section */

/* Begin PBXTargetDependency section */
		E15B9A881F86112000005533 /* PBXTargetDependency */ = {
			isa = PBXTargetDependency;
			target = E15B9A711F86111F00005533 /* taskapp */;
			targetProxy = E15B9A871F86112000005533 /* PBXContainerItemProxy */;
		};
		E15B9A931F86112000005533 /* PBXTargetDependency */ = {
			isa = PBXTargetDependency;
			target = E15B9A711F86111F00005533 /* taskapp */;
			targetProxy = E15B9A921F86112000005533 /* PBXContainerItemProxy */;
		};
/* End PBXTargetDependency section */

/* Begin PBXVariantGroup section */
		E15B9A791F86112000005533 /* Main.storyboard */ = {
			isa = PBXVariantGroup;
			children = (
				E15B9A7A1F86112000005533 /* Base */,
			);
			name = Main.storyboard;
			sourceTree = "<group>";
		};
		E15B9A7E1F86112000005533 /* LaunchScreen.storyboard */ = {
			isa = PBXVariantGroup;
			children = (
				E15B9A7F1F86112000005533 /* Base */,
			);
			name = LaunchScreen.storyboard;
			sourceTree = "<group>";
		};
/* End PBXVariantGroup section */

/* Begin XCBuildConfiguration section */
		E15B9A981F86112000005533 /* Debug */ = {
			isa = XCBuildConfiguration;
			buildSettings = {
				ALWAYS_SEARCH_USER_PATHS = NO;
				CLANG_ANALYZER_NONNULL = YES;
				CLANG_ANALYZER_NUMBER_OBJECT_CONVERSION = YES_AGGRESSIVE;
				CLANG_CXX_LANGUAGE_STANDARD = "gnu++0x";
				CLANG_CXX_LIBRARY = "libc++";
				CLANG_ENABLE_MODULES = YES;
				CLANG_ENABLE_OBJC_ARC = YES;
				CLANG_WARN_BOOL_CONVERSION = YES;
				CLANG_WARN_CONSTANT_CONVERSION = YES;
				CLANG_WARN_DIRECT_OBJC_ISA_USAGE = YES_ERROR;
				CLANG_WARN_DOCUMENTATION_COMMENTS = YES;
				CLANG_WARN_EMPTY_BODY = YES;
				CLANG_WARN_ENUM_CONVERSION = YES;
				CLANG_WARN_INFINITE_RECURSION = YES;
				CLANG_WARN_INT_CONVERSION = YES;
				CLANG_WARN_OBJC_ROOT_CLASS = YES_ERROR;
				CLANG_WARN_SUSPICIOUS_MOVE = YES;
				CLANG_WARN_UNREACHABLE_CODE = YES;
				CLANG_WARN__DUPLICATE_METHOD_MATCH = YES;
				"CODE_SIGN_IDENTITY[sdk=iphoneos*]" = "iPhone Developer";
				COPY_PHASE_STRIP = NO;
				DEBUG_INFORMATION_FORMAT = dwarf;
				ENABLE_STRICT_OBJC_MSGSEND = YES;
				ENABLE_TESTABILITY = YES;
				GCC_C_LANGUAGE_STANDARD = gnu99;
				GCC_DYNAMIC_NO_PIC = NO;
				GCC_NO_COMMON_BLOCKS = YES;
				GCC_OPTIMIZATION_LEVEL = 0;
				GCC_PREPROCESSOR_DEFINITIONS = (
					"DEBUG=1",
					"$(inherited)",
				);
				GCC_WARN_64_TO_32_BIT_CONVERSION = YES;
				GCC_WARN_ABOUT_RETURN_TYPE = YES_ERROR;
				GCC_WARN_UNDECLARED_SELECTOR = YES;
				GCC_WARN_UNINITIALIZED_AUTOS = YES_AGGRESSIVE;
				GCC_WARN_UNUSED_FUNCTION = YES;
				GCC_WARN_UNUSED_VARIABLE = YES;
				IPHONEOS_DEPLOYMENT_TARGET = 10.3;
				MTL_ENABLE_DEBUG_INFO = YES;
				ONLY_ACTIVE_ARCH = YES;
				SDKROOT = iphoneos;
				SWIFT_ACTIVE_COMPILATION_CONDITIONS = DEBUG;
				SWIFT_OPTIMIZATION_LEVEL = "-Onone";
			};
			name = Debug;
		};
		E15B9A991F86112000005533 /* Release */ = {
			isa = XCBuildConfiguration;
			buildSettings = {
				ALWAYS_SEARCH_USER_PATHS = NO;
				CLANG_ANALYZER_NONNULL = YES;
				CLANG_ANALYZER_NUMBER_OBJECT_CONVERSION = YES_AGGRESSIVE;
				CLANG_CXX_LANGUAGE_STANDARD = "gnu++0x";
				CLANG_CXX_LIBRARY = "libc++";
				CLANG_ENABLE_MODULES = YES;
				CLANG_ENABLE_OBJC_ARC = YES;
				CLANG_WARN_BOOL_CONVERSION = YES;
				CLANG_WARN_CONSTANT_CONVERSION = YES;
				CLANG_WARN_DIRECT_OBJC_ISA_USAGE = YES_ERROR;
				CLANG_WARN_DOCUMENTATION_COMMENTS = YES;
				CLANG_WARN_EMPTY_BODY = YES;
				CLANG_WARN_ENUM_CONVERSION = YES;
				CLANG_WARN_INFINITE_RECURSION = YES;
				CLANG_WARN_INT_CONVERSION = YES;
				CLANG_WARN_OBJC_ROOT_CLASS = YES_ERROR;
				CLANG_WARN_SUSPICIOUS_MOVE = YES;
				CLANG_WARN_UNREACHABLE_CODE = YES;
				CLANG_WARN__DUPLICATE_METHOD_MATCH = YES;
				"CODE_SIGN_IDENTITY[sdk=iphoneos*]" = "iPhone Developer";
				COPY_PHASE_STRIP = NO;
				DEBUG_INFORMATION_FORMAT = "dwarf-with-dsym";
				ENABLE_NS_ASSERTIONS = NO;
				ENABLE_STRICT_OBJC_MSGSEND = YES;
				GCC_C_LANGUAGE_STANDARD = gnu99;
				GCC_NO_COMMON_BLOCKS = YES;
				GCC_WARN_64_TO_32_BIT_CONVERSION = YES;
				GCC_WARN_ABOUT_RETURN_TYPE = YES_ERROR;
				GCC_WARN_UNDECLARED_SELECTOR = YES;
				GCC_WARN_UNINITIALIZED_AUTOS = YES_AGGRESSIVE;
				GCC_WARN_UNUSED_FUNCTION = YES;
				GCC_WARN_UNUSED_VARIABLE = YES;
				IPHONEOS_DEPLOYMENT_TARGET = 10.3;
				MTL_ENABLE_DEBUG_INFO = NO;
				SDKROOT = iphoneos;
				SWIFT_OPTIMIZATION_LEVEL = "-Owholemodule";
				VALIDATE_PRODUCT = YES;
			};
			name = Release;
		};
		E15B9A9B1F86112000005533 /* Debug */ = {
			isa = XCBuildConfiguration;
			baseConfigurationReference = F4C83D9E857F548E8F8D3834 /* Pods-taskapp.debug.xcconfig */;
			buildSettings = {
				ASSETCATALOG_COMPILER_APPICON_NAME = AppIcon;
				DEVELOPMENT_TEAM = MR965626L4;
				INFOPLIST_FILE = taskapp/Info.plist;
				LD_RUNPATH_SEARCH_PATHS = "$(inherited) @executable_path/Frameworks";
				PRODUCT_BUNDLE_IDENTIFIER = jp.techacademy.hajime.hamada.taskapp;
				PRODUCT_NAME = "$(TARGET_NAME)";
				SWIFT_VERSION = 3.0;
			};
			name = Debug;
		};
		E15B9A9C1F86112000005533 /* Release */ = {
			isa = XCBuildConfiguration;
			baseConfigurationReference = 46B8AB3F0ED53B88A0502184 /* Pods-taskapp.release.xcconfig */;
			buildSettings = {
				ASSETCATALOG_COMPILER_APPICON_NAME = AppIcon;
				DEVELOPMENT_TEAM = MR965626L4;
				INFOPLIST_FILE = taskapp/Info.plist;
				LD_RUNPATH_SEARCH_PATHS = "$(inherited) @executable_path/Frameworks";
				PRODUCT_BUNDLE_IDENTIFIER = jp.techacademy.hajime.hamada.taskapp;
				PRODUCT_NAME = "$(TARGET_NAME)";
				SWIFT_VERSION = 3.0;
			};
			name = Release;
		};
		E15B9A9E1F86112000005533 /* Debug */ = {
			isa = XCBuildConfiguration;
			buildSettings = {
				ALWAYS_EMBED_SWIFT_STANDARD_LIBRARIES = YES;
				BUNDLE_LOADER = "$(TEST_HOST)";
				DEVELOPMENT_TEAM = MR965626L4;
				INFOPLIST_FILE = taskappTests/Info.plist;
				LD_RUNPATH_SEARCH_PATHS = "$(inherited) @executable_path/Frameworks @loader_path/Frameworks";
				PRODUCT_BUNDLE_IDENTIFIER = jp.techacademy.hajime.hamada.taskappTests;
				PRODUCT_NAME = "$(TARGET_NAME)";
				SWIFT_VERSION = 3.0;
				TEST_HOST = "$(BUILT_PRODUCTS_DIR)/taskapp.app/taskapp";
			};
			name = Debug;
		};
		E15B9A9F1F86112000005533 /* Release */ = {
			isa = XCBuildConfiguration;
			buildSettings = {
				ALWAYS_EMBED_SWIFT_STANDARD_LIBRARIES = YES;
				BUNDLE_LOADER = "$(TEST_HOST)";
				DEVELOPMENT_TEAM = MR965626L4;
				INFOPLIST_FILE = taskappTests/Info.plist;
				LD_RUNPATH_SEARCH_PATHS = "$(inherited) @executable_path/Frameworks @loader_path/Frameworks";
				PRODUCT_BUNDLE_IDENTIFIER = jp.techacademy.hajime.hamada.taskappTests;
				PRODUCT_NAME = "$(TARGET_NAME)";
				SWIFT_VERSION = 3.0;
				TEST_HOST = "$(BUILT_PRODUCTS_DIR)/taskapp.app/taskapp";
			};
			name = Release;
		};
		E15B9AA11F86112000005533 /* Debug */ = {
			isa = XCBuildConfiguration;
			buildSettings = {
				ALWAYS_EMBED_SWIFT_STANDARD_LIBRARIES = YES;
				DEVELOPMENT_TEAM = MR965626L4;
				INFOPLIST_FILE = taskappUITests/Info.plist;
				LD_RUNPATH_SEARCH_PATHS = "$(inherited) @executable_path/Frameworks @loader_path/Frameworks";
				PRODUCT_BUNDLE_IDENTIFIER = jp.techacademy.hajime.hamada.taskappUITests;
				PRODUCT_NAME = "$(TARGET_NAME)";
				SWIFT_VERSION = 3.0;
				TEST_TARGET_NAME = taskapp;
			};
			name = Debug;
		};
		E15B9AA21F86112000005533 /* Release */ = {
			isa = XCBuildConfiguration;
			buildSettings = {
				ALWAYS_EMBED_SWIFT_STANDARD_LIBRARIES = YES;
				DEVELOPMENT_TEAM = MR965626L4;
				INFOPLIST_FILE = taskappUITests/Info.plist;
				LD_RUNPATH_SEARCH_PATHS = "$(inherited) @executable_path/Frameworks @loader_path/Frameworks";
				PRODUCT_BUNDLE_IDENTIFIER = jp.techacademy.hajime.hamada.taskappUITests;
				PRODUCT_NAME = "$(TARGET_NAME)";
				SWIFT_VERSION = 3.0;
				TEST_TARGET_NAME = taskapp;
			};
			name = Release;
		};
/* End XCBuildConfiguration section */

/* Begin XCConfigurationList section */
		E15B9A6D1F86111F00005533 /* Build configuration list for PBXProject "taskapp" */ = {
			isa = XCConfigurationList;
			buildConfigurations = (
				E15B9A981F86112000005533 /* Debug */,
				E15B9A991F86112000005533 /* Release */,
			);
			defaultConfigurationIsVisible = 0;
			defaultConfigurationName = Release;
		};
		E15B9A9A1F86112000005533 /* Build configuration list for PBXNativeTarget "taskapp" */ = {
			isa = XCConfigurationList;
			buildConfigurations = (
				E15B9A9B1F86112000005533 /* Debug */,
				E15B9A9C1F86112000005533 /* Release */,
			);
			defaultConfigurationIsVisible = 0;
			defaultConfigurationName = Release;
		};
		E15B9A9D1F86112000005533 /* Build configuration list for PBXNativeTarget "taskappTests" */ = {
			isa = XCConfigurationList;
			buildConfigurations = (
				E15B9A9E1F86112000005533 /* Debug */,
				E15B9A9F1F86112000005533 /* Release */,
			);
			defaultConfigurationIsVisible = 0;
			defaultConfigurationName = Release;
		};
		E15B9AA01F86112000005533 /* Build configuration list for PBXNativeTarget "taskappUITests" */ = {
			isa = XCConfigurationList;
			buildConfigurations = (
				E15B9AA11F86112000005533 /* Debug */,
				E15B9AA21F86112000005533 /* Release */,
			);
			defaultConfigurationIsVisible = 0;
			defaultConfigurationName = Release;
		};
/* End XCConfigurationList section */
	};
	rootObject = E15B9A6A1F86111F00005533 /* Project object */;
}
